
Microsoft Visual Studio Solution File, Format Version 12.00
# Visual Studio Version 16
VisualStudioVersion = 16.0.31424.327
MinimumVisualStudioVersion = 10.0.40219.1
Project("{FAE04EC0-301F-11D3-BF4B-00C04F79EFBC}") = "Sort-Images", "Sort-Images.csproj", "{DDE83AF9-0D1E-489D-9337-D1A1D8077005}"
EndProject
Global
	GlobalSection(SolutionConfigurationPlatforms) = preSolution
		Debug|Any CPU = Debug|Any CPU
		Release|Any CPU = Release|Any CPU
	EndGlobalSection
	GlobalSection(ProjectConfigurationPlatforms) = postSolution
		{DDE83AF9-0D1E-489D-9337-D1A1D8077005}.Debug|Any CPU.ActiveCfg = Debug|Any CPU
		{DDE83AF9-0D1E-489D-9337-D1A1D8077005}.Debug|Any CPU.Build.0 = Debug|Any CPU
		{DDE83AF9-0D1E-489D-9337-D1A1D8077005}.Release|Any CPU.ActiveCfg = Release|Any CPU
		{DDE83AF9-0D1E-489D-9337-D1A1D8077005}.Release|Any CPU.Build.0 = Release|Any CPU
	EndGlobalSection
	GlobalSection(SolutionProperties) = preSolution
		HideSolutionNode = FALSE
	EndGlobalSection
	GlobalSection(ExtensibilityGlobals) = postSolution
		SolutionGuid = {4CA98636-07A2-4811-BD1C-9FE48FED92B5}
	EndGlobalSection
EndGlobal
